<?xml version="1.0" encoding="UTF-8"?>
<CONFIG>
  <ProjectOptions>
    <Version Value="11"/>
    <General>
      <Flags>
        <MainUnitHasUsesSectionForAllUnits Value="False"/>
        <MainUnitHasCreateFormStatements Value="False"/>
        <MainUnitHasScaledStatement Value="False"/>
      </Flags>
      <SessionStorage Value="InProjectDir"/>
      <MainUnit Value="0"/>
      <AutoCreateForms Value="False"/>
      <Title Value="Studio Jahu"/>
      <Scaled Value="True"/>
      <ResourceType Value="res"/>
      <UseXPManifest Value="True"/>
      <XPManifest>
        <DpiAware Value="True"/>
        <TextName Value="Studio Jahu - Jacek Leszczynski"/>
        <TextDesc Value="Application Programming"/>
      </XPManifest>
      <Icon Value="0"/>
      <Resources Count="4">
        <Resource_0 FileName="grafika/tray_message.ico" Type="ICON" ResourceName="TRAY_MESSAGE"/>
        <Resource_1 FileName="grafika/tray_normal.ico" Type="ICON" ResourceName="TRAY_NORMAL"/>
        <Resource_2 FileName="grafika/tray_noconnect.ico" Type="ICON" ResourceName="TRAY_NOCONNECT"/>
        <Resource_3 FileName="sound/alarm.ogg" Type="RCDATA" ResourceName="ALARM"/>
      </Resources>
    </General>
    <VersionInfo>
      <UseVersionInfo Value="True"/>
      <AutoIncrementBuild Value="True"/>
      <MajorVersionNr Value="1"/>
      <RevisionNr Value="5"/>
      <BuildNr Value="11"/>
      <Language Value="0415"/>
      <Attributes pvaPreRelease="True"/>
      <StringTable CompanyName="Studio Jahu - Jacek Leszczynski" InternalName="Studio.Jahu.Jacek.Leszczynski" LegalCopyright="Studio.Jahu.Jacek.Leszczynski" OriginalFilename="studio_jahu_monitor.exe" ProductName="Studio Jahu Monitor" ProductVersion="0.6.5.1"/>
    </VersionInfo>
    <BuildModes Count="4">
      <Item1 Name="App.Default" Default="True"/>
      <Item2 Name="App.Debug">
        <CompilerOptions>
          <Version Value="11"/>
          <Target>
            <Filename Value="studio_jahu"/>
          </Target>
          <SearchPaths>
            <IncludeFiles Value="$(ProjOutDir)"/>
            <OtherUnitFiles Value="../../lib;../../components/extlazarus;../../components/mouseandkeyinput"/>
            <UnitOutputDirectory Value="lib/$(TargetCPU)-$(TargetOS)"/>
          </SearchPaths>
          <Parsing>
            <SyntaxOptions>
              <IncludeAssertionCode Value="True"/>
            </SyntaxOptions>
          </Parsing>
          <CodeGeneration>
            <Checks>
              <IOChecks Value="True"/>
              <RangeChecks Value="True"/>
              <OverflowChecks Value="True"/>
              <StackChecks Value="True"/>
            </Checks>
            <VerifyObjMethodCallValidity Value="True"/>
            <TargetCPU Value="x86_64"/>
            <TargetOS Value="linux"/>
          </CodeGeneration>
          <Linking>
            <Debugging>
              <DebugInfoType Value="dsDwarf2Set"/>
              <UseHeaptrc Value="True"/>
              <TrashVariables Value="True"/>
              <UseExternalDbgSyms Value="True"/>
            </Debugging>
            <Options>
              <Win32>
                <GraphicApplication Value="True"/>
              </Win32>
            </Options>
          </Linking>
          <Other>
            <CustomOptions Value="-dAPP"/>
          </Other>
        </CompilerOptions>
      </Item2>
      <Item3 Name="App.Release">
        <CompilerOptions>
          <Version Value="11"/>
          <Target>
            <Filename Value="studio_jahu"/>
          </Target>
          <SearchPaths>
            <IncludeFiles Value="$(ProjOutDir)"/>
            <OtherUnitFiles Value="../../lib;../../components/extlazarus;../../components/mouseandkeyinput;nowe"/>
            <UnitOutputDirectory Value="lib/$(TargetCPU)-$(TargetOS)"/>
          </SearchPaths>
          <CodeGeneration>
            <SmartLinkUnit Value="True"/>
            <TargetCPU Value="x86_64"/>
            <TargetOS Value="linux"/>
            <Optimizations>
              <OptimizationLevel Value="3"/>
            </Optimizations>
          </CodeGeneration>
          <Linking>
            <Debugging>
              <GenerateDebugInfo Value="False"/>
            </Debugging>
            <LinkSmart Value="True"/>
            <Options>
              <Win32>
                <GraphicApplication Value="True"/>
              </Win32>
            </Options>
          </Linking>
          <Other>
            <CustomOptions Value="-dAPP"/>
          </Other>
        </CompilerOptions>
      </Item3>
      <Item4 Name="App.Windows 32 bit">
        <CompilerOptions>
          <Version Value="11"/>
          <Target>
            <Filename Value="studio_jahu"/>
          </Target>
          <SearchPaths>
            <IncludeFiles Value="$(ProjOutDir)"/>
            <OtherUnitFiles Value="../../lib;../../components/extlazarus;../../components/mouseandkeyinput"/>
            <UnitOutputDirectory Value="lib/$(TargetCPU)-$(TargetOS)"/>
          </SearchPaths>
          <CodeGeneration>
            <SmartLinkUnit Value="True"/>
            <TargetCPU Value="i386"/>
            <TargetOS Value="win32"/>
            <Optimizations>
              <OptimizationLevel Value="3"/>
            </Optimizations>
          </CodeGeneration>
          <Linking>
            <Debugging>
              <GenerateDebugInfo Value="False"/>
            </Debugging>
            <LinkSmart Value="True"/>
            <Options>
              <Win32>
                <GraphicApplication Value="True"/>
              </Win32>
            </Options>
          </Linking>
          <Other>
            <CustomOptions Value="-dAPP"/>
          </Other>
        </CompilerOptions>
      </Item4>
      <SharedMatrixOptions Count="1">
        <Item1 ID="904821728968" Type="IDEMacro" MacroName="LCLWidgetType" Value="nogui"/>
      </SharedMatrixOptions>
    </BuildModes>
    <PublishOptions>
      <Version Value="2"/>
      <DestinationDirectory Value="/home_large/tao/Projekty/Public/1"/>
      <UseFileFilters Value="True"/>
    </PublishOptions>
    <RunParams>
      <FormatVersion Value="2"/>
      <Modes Count="0"/>
    </RunParams>
    <RequiredPackages Count="16">
      <Item1>
        <PackageName Value="lazdbexport"/>
      </Item1>
      <Item2>
        <PackageName Value="Abbrevia"/>
      </Item2>
      <Item3>
        <PackageName Value="SynEdit"/>
      </Item3>
      <Item4>
        <PackageName Value="rxnew"/>
      </Item4>
      <Item5>
        <PackageName Value="FrameViewer09"/>
      </Item5>
      <Item6>
        <PackageName Value="ExtLazarus"/>
      </Item6>
      <Item7>
        <PackageName Value="dcpcrypt"/>
      </Item7>
      <Item8>
        <PackageName Value="bgracontrols"/>
      </Item8>
      <Item9>
        <PackageName Value="pl_Cindy"/>
      </Item9>
      <Item10>
        <PackageName Value="industrial"/>
      </Item10>
      <Item11>
        <PackageName Value="lnetvisual"/>
      </Item11>
      <Item12>
        <PackageName Value="uEControls"/>
      </Item12>
      <Item13>
        <PackageName Value="pl_excontrols"/>
      </Item13>
      <Item14>
        <PackageName Value="FCL"/>
      </Item14>
      <Item15>
        <PackageName Value="zcomponent"/>
      </Item15>
      <Item16>
        <PackageName Value="LCL"/>
      </Item16>
    </RequiredPackages>
    <Units Count="22">
      <Unit0>
        <Filename Value="studio_jahu.lpr"/>
        <IsPartOfProject Value="True"/>
      </Unit0>
      <Unit1>
        <Filename Value="main.pas"/>
        <IsPartOfProject Value="True"/>
        <ComponentName Value="Form1"/>
        <HasResources Value="True"/>
        <ResourceBaseClass Value="Form"/>
      </Unit1>
      <Unit2>
        <Filename Value="lista.pas"/>
        <IsPartOfProject Value="True"/>
        <ComponentName Value="FLista"/>
        <HasResources Value="True"/>
        <ResourceBaseClass Value="Form"/>
      </Unit2>
      <Unit3>
        <Filename Value="czas.pas"/>
        <IsPartOfProject Value="True"/>
        <ComponentName Value="FCzas"/>
        <HasResources Value="True"/>
        <ResourceBaseClass Value="Form"/>
      </Unit3>
      <Unit4>
        <Filename Value="lista_wyboru.pas"/>
        <IsPartOfProject Value="True"/>
        <ComponentName Value="FLista_wyboru"/>
        <HasResources Value="True"/>
        <ResourceBaseClass Value="Form"/>
      </Unit4>
      <Unit5>
        <Filename Value="serwis.pas"/>
        <IsPartOfProject Value="True"/>
        <ComponentName Value="dm"/>
        <HasResources Value="True"/>
        <ResourceBaseClass Value="DataModule"/>
      </Unit5>
      <Unit6>
        <Filename Value="config.pas"/>
        <IsPartOfProject Value="True"/>
        <ComponentName Value="FConfig"/>
        <HasResources Value="True"/>
        <ResourceBaseClass Value="Form"/>
      </Unit6>
      <Unit7>
        <Filename Value="zapis_tasmy.pas"/>
        <IsPartOfProject Value="True"/>
        <ComponentName Value="FZapisTasmy"/>
        <HasResources Value="True"/>
        <ResourceBaseClass Value="Form"/>
      </Unit7>
      <Unit8>
        <Filename Value="audioeq.pas"/>
        <IsPartOfProject Value="True"/>
        <ComponentName Value="FAEQ"/>
        <HasResources Value="True"/>
        <ResourceBaseClass Value="Form"/>
      </Unit8>
      <Unit9>
        <Filename Value="full_screen.pas"/>
        <IsPartOfProject Value="True"/>
        <ComponentName Value="FFullScreen"/>
        <HasResources Value="True"/>
        <ResourceBaseClass Value="Form"/>
      </Unit9>
      <Unit10>
        <Filename Value="panmusic.pas"/>
        <IsPartOfProject Value="True"/>
        <ComponentName Value="FPanMusic"/>
        <HasResources Value="True"/>
        <ResourceBaseClass Value="Form"/>
      </Unit10>
      <Unit11>
        <Filename Value="yt_selectfiles.pas"/>
        <IsPartOfProject Value="True"/>
        <ComponentName Value="FSelectYT"/>
        <HasResources Value="True"/>
        <ResourceBaseClass Value="Form"/>
      </Unit11>
      <Unit12>
        <Filename Value="importdirectoryyoutube.pas"/>
        <IsPartOfProject Value="True"/>
        <ComponentName Value="FImportDirectoryYoutube"/>
        <HasResources Value="True"/>
        <ResourceBaseClass Value="Form"/>
        <UnitName Value="ImportDirectoryYoutube"/>
      </Unit12>
      <Unit13>
        <Filename Value="screen_unit.pas"/>
        <IsPartOfProject Value="True"/>
        <ComponentName Value="FScreen"/>
        <HasResources Value="True"/>
        <ResourceBaseClass Value="Form"/>
      </Unit13>
      <Unit14>
        <Filename Value="rozdzial.pas"/>
        <IsPartOfProject Value="True"/>
        <ComponentName Value="FRozdzial"/>
        <HasResources Value="True"/>
        <ResourceBaseClass Value="Form"/>
      </Unit14>
      <Unit15>
        <Filename Value="podglad.pas"/>
        <IsPartOfProject Value="True"/>
        <ComponentName Value="FPodglad"/>
        <HasResources Value="True"/>
        <ResourceBaseClass Value="Form"/>
      </Unit15>
      <Unit16>
        <Filename Value="panel.pas"/>
        <IsPartOfProject Value="True"/>
        <ComponentName Value="FPanel"/>
        <HasResources Value="True"/>
        <ResourceBaseClass Value="Form"/>
      </Unit16>
      <Unit17>
        <Filename Value="conf_ogg.pas"/>
        <IsPartOfProject Value="True"/>
        <ComponentName Value="FConfOGG"/>
        <HasResources Value="True"/>
        <ResourceBaseClass Value="Form"/>
      </Unit17>
      <Unit18>
        <Filename Value="formlamp.pas"/>
        <IsPartOfProject Value="True"/>
        <ComponentName Value="FLamp"/>
        <HasResources Value="True"/>
        <ResourceBaseClass Value="Form"/>
        <UnitName Value="FormLamp"/>
      </Unit18>
      <Unit19>
        <Filename Value="plikizombi.pas"/>
        <IsPartOfProject Value="True"/>
        <ComponentName Value="FPlikiZombi"/>
        <HasResources Value="True"/>
        <ResourceBaseClass Value="Form"/>
        <UnitName Value="PlikiZombi"/>
      </Unit19>
      <Unit20>
        <Filename Value="pytanie.pas"/>
        <IsPartOfProject Value="True"/>
        <ComponentName Value="FPytanie"/>
        <HasResources Value="True"/>
        <ResourceBaseClass Value="Form"/>
      </Unit20>
      <Unit21>
        <Filename Value="consola.pas"/>
        <IsPartOfProject Value="True"/>
        <ComponentName Value="FConsola"/>
        <HasResources Value="True"/>
        <ResourceBaseClass Value="Form"/>
        <UnitName Value="Consola"/>
      </Unit21>
    </Units>
  </ProjectOptions>
  <CompilerOptions>
    <Version Value="11"/>
    <Target>
      <Filename Value="studio_jahu"/>
    </Target>
    <SearchPaths>
      <IncludeFiles Value="$(ProjOutDir)"/>
      <OtherUnitFiles Value="../../lib;../../components/extlazarus;../../components/mouseandkeyinput"/>
      <UnitOutputDirectory Value="lib/$(TargetCPU)-$(TargetOS)"/>
    </SearchPaths>
    <CodeGeneration>
      <TargetCPU Value="x86_64"/>
      <TargetOS Value="linux"/>
    </CodeGeneration>
    <Linking>
      <Options>
        <Win32>
          <GraphicApplication Value="True"/>
        </Win32>
      </Options>
    </Linking>
    <Other>
      <CustomOptions Value="-dAPP"/>
    </Other>
  </CompilerOptions>
</CONFIG>
