<?xml version="1.0" encoding="UTF-8"?>
<CONFIG>
  <ProjectOptions>
    <Version Value="11"/>
    <General>
      <Flags>
        <MainUnitHasUsesSectionForAllUnits Value="False"/>
        <MainUnitHasCreateFormStatements Value="False"/>
        <MainUnitHasScaledStatement Value="False"/>
      </Flags>
      <SessionStorage Value="InProjectDir"/>
      <MainUnit Value="0"/>
      <Title Value="Youtube Player - Server"/>
      <UseAppBundle Value="False"/>
      <ResourceType Value="res"/>
      <XPManifest>
        <DpiAware Value="True"/>
        <TextName Value="Studio Jahu - Jacek Leszczynski"/>
        <TextDesc Value="Application Programming"/>
      </XPManifest>
    </General>
    <BuildModes Count="5">
      <Item1 Name="App.Default" Default="True"/>
      <Item2 Name="App.Debug">
        <CompilerOptions>
          <Version Value="11"/>
          <Target>
            <Filename Value="youtube_player_server"/>
          </Target>
          <SearchPaths>
            <IncludeFiles Value="$(ProjOutDir)"/>
            <OtherUnitFiles Value="../../lib"/>
            <UnitOutputDirectory Value="lib/$(TargetCPU)-$(TargetOS)"/>
          </SearchPaths>
          <Parsing>
            <SyntaxOptions>
              <IncludeAssertionCode Value="True"/>
            </SyntaxOptions>
          </Parsing>
          <CodeGeneration>
            <Checks>
              <IOChecks Value="True"/>
              <RangeChecks Value="True"/>
              <OverflowChecks Value="True"/>
              <StackChecks Value="True"/>
            </Checks>
            <VerifyObjMethodCallValidity Value="True"/>
            <TargetCPU Value="x86_64"/>
            <TargetOS Value="linux"/>
          </CodeGeneration>
          <Linking>
            <Debugging>
              <DebugInfoType Value="dsDwarf2Set"/>
              <UseHeaptrc Value="True"/>
              <TrashVariables Value="True"/>
              <UseExternalDbgSyms Value="True"/>
            </Debugging>
            <Options>
              <Win32>
                <GraphicApplication Value="True"/>
              </Win32>
            </Options>
          </Linking>
          <Other>
            <CustomOptions Value="-dAPP"/>
          </Other>
        </CompilerOptions>
      </Item2>
      <Item3 Name="App.Linux64">
        <CompilerOptions>
          <Version Value="11"/>
          <Target>
            <Filename Value="youtube_player_server"/>
          </Target>
          <SearchPaths>
            <IncludeFiles Value="$(ProjOutDir)"/>
            <OtherUnitFiles Value="../../lib"/>
            <UnitOutputDirectory Value="lib/$(TargetCPU)-$(TargetOS)"/>
          </SearchPaths>
          <CodeGeneration>
            <SmartLinkUnit Value="True"/>
            <TargetCPU Value="x86_64"/>
            <TargetOS Value="linux"/>
            <Optimizations>
              <OptimizationLevel Value="3"/>
            </Optimizations>
          </CodeGeneration>
          <Linking>
            <Debugging>
              <GenerateDebugInfo Value="False"/>
            </Debugging>
            <LinkSmart Value="True"/>
            <Options>
              <Win32>
                <GraphicApplication Value="True"/>
              </Win32>
            </Options>
          </Linking>
          <Other>
            <CustomOptions Value="-dAPP"/>
          </Other>
        </CompilerOptions>
      </Item3>
      <Item4 Name="App.Win32">
        <CompilerOptions>
          <Version Value="11"/>
          <Target>
            <Filename Value="youtube_player_server"/>
          </Target>
          <SearchPaths>
            <IncludeFiles Value="$(ProjOutDir)"/>
            <OtherUnitFiles Value="../../lib"/>
            <UnitOutputDirectory Value="lib/$(TargetCPU)-$(TargetOS)"/>
          </SearchPaths>
          <CodeGeneration>
            <SmartLinkUnit Value="True"/>
            <TargetCPU Value="i386"/>
            <TargetOS Value="win32"/>
            <Optimizations>
              <OptimizationLevel Value="3"/>
            </Optimizations>
          </CodeGeneration>
          <Linking>
            <Debugging>
              <GenerateDebugInfo Value="False"/>
            </Debugging>
            <LinkSmart Value="True"/>
            <Options>
              <Win32>
                <GraphicApplication Value="True"/>
              </Win32>
            </Options>
          </Linking>
          <Other>
            <CustomOptions Value="-dAPP"/>
          </Other>
        </CompilerOptions>
      </Item4>
      <Item5 Name="App.Win64">
        <CompilerOptions>
          <Version Value="11"/>
          <Target>
            <Filename Value="youtube_player_server"/>
          </Target>
          <SearchPaths>
            <IncludeFiles Value="$(ProjOutDir)"/>
            <OtherUnitFiles Value="../../lib"/>
            <UnitOutputDirectory Value="lib/$(TargetCPU)-$(TargetOS)"/>
          </SearchPaths>
          <CodeGeneration>
            <SmartLinkUnit Value="True"/>
            <TargetCPU Value="x86_64"/>
            <TargetOS Value="win64"/>
            <Optimizations>
              <OptimizationLevel Value="3"/>
            </Optimizations>
          </CodeGeneration>
          <Linking>
            <Debugging>
              <GenerateDebugInfo Value="False"/>
            </Debugging>
            <LinkSmart Value="True"/>
            <Options>
              <Win32>
                <GraphicApplication Value="True"/>
              </Win32>
            </Options>
          </Linking>
          <Other>
            <CustomOptions Value="-dAPP"/>
          </Other>
        </CompilerOptions>
      </Item5>
    </BuildModes>
    <PublishOptions>
      <Version Value="2"/>
      <UseFileFilters Value="True"/>
    </PublishOptions>
    <RunParams>
      <FormatVersion Value="2"/>
      <Modes Count="0"/>
    </RunParams>
    <RequiredPackages Count="1">
      <Item1>
        <PackageName Value="LCLBase"/>
      </Item1>
    </RequiredPackages>
    <Units Count="2">
      <Unit0>
        <Filename Value="youtube_player_server.lpr"/>
        <IsPartOfProject Value="True"/>
      </Unit0>
      <Unit1>
        <Filename Value="server.pas"/>
        <IsPartOfProject Value="True"/>
        <ComponentName Value="dms"/>
        <HasResources Value="True"/>
        <ResourceBaseClass Value="DataModule"/>
      </Unit1>
    </Units>
  </ProjectOptions>
  <CompilerOptions>
    <Version Value="11"/>
    <Target>
      <Filename Value="youtube_player_server"/>
    </Target>
    <SearchPaths>
      <IncludeFiles Value="$(ProjOutDir);../../../.lazarus/onlinepackagemanager/packages/lnet/lazaruspackage;../../../.lazarus/onlinepackagemanager/packages/lnet/lib"/>
      <OtherUnitFiles Value="../../lib;../../components/extlazarus;../../../.lazarus/onlinepackagemanager/packages/lnet/lazaruspackage;../../../.lazarus/onlinepackagemanager/packages/lnet/lib"/>
      <UnitOutputDirectory Value="lib/$(TargetCPU)-$(TargetOS)"/>
    </SearchPaths>
    <Parsing>
      <SyntaxOptions>
        <SyntaxMode Value="Delphi"/>
      </SyntaxOptions>
    </Parsing>
    <CodeGeneration>
      <SmartLinkUnit Value="True"/>
      <TargetProcessor Value="mips32r2"/>
      <TargetCPU Value="mips"/>
      <TargetOS Value="linux"/>
      <Optimizations>
        <OptimizationLevel Value="3"/>
      </Optimizations>
    </CodeGeneration>
    <Linking>
      <Debugging>
        <GenerateDebugInfo Value="False"/>
      </Debugging>
      <LinkSmart Value="True"/>
    </Linking>
    <Other>
      <CustomOptions Value="-Cb
-CfSOFT
-fPIC
-dLCLGTK2"/>
      <OtherDefines Count="2">
        <Define0 Value="cpu86"/>
        <Define1 Value="LCLGTK2"/>
      </OtherDefines>
    </Other>
  </CompilerOptions>
  <Debugging>
    <Exceptions Count="3">
      <Item1>
        <Name Value="EAbort"/>
      </Item1>
      <Item2>
        <Name Value="ECodetoolError"/>
      </Item2>
      <Item3>
        <Name Value="EFOpenError"/>
      </Item3>
    </Exceptions>
  </Debugging>
</CONFIG>
