<?xml version="1.0" encoding="UTF-8"?>
<CONFIG>
  <ProjectOptions>
    <Version Value="11"/>
    <General>
      <Flags>
        <MainUnitHasUsesSectionForAllUnits Value="False"/>
        <MainUnitHasCreateFormStatements Value="False"/>
        <MainUnitHasScaledStatement Value="False"/>
      </Flags>
      <SessionStorage Value="InProjectDir"/>
      <MainUnit Value="0"/>
      <AutoCreateForms Value="False"/>
      <Title Value="Youtube Player"/>
      <Scaled Value="True"/>
      <ResourceType Value="res"/>
      <UseXPManifest Value="True"/>
      <XPManifest>
        <DpiAware Value="True"/>
        <TextName Value="Studio Jahu - Jacek Leszczynski"/>
        <TextDesc Value="Application Programming"/>
      </XPManifest>
      <Icon Value="0"/>
    </General>
    <VersionInfo>
      <UseVersionInfo Value="True"/>
      <AutoIncrementBuild Value="True"/>
      <MinorVersionNr Value="6"/>
      <RevisionNr Value="5"/>
      <BuildNr Value="1"/>
      <Language Value="0415"/>
      <Attributes pvaPreRelease="True"/>
      <StringTable CompanyName="Studio Jahu - Jacek Leszczynski" InternalName="Studio.Jahu.Jacek.Leszczynski" LegalCopyright="Studio.Jahu.Jacek.Leszczynski" OriginalFilename="studio_jahu_monitor.exe" ProductName="Studio Jahu Monitor" ProductVersion="0.6.5.1"/>
    </VersionInfo>
    <BuildModes Count="11">
      <Item1 Name="App.Default" Default="True"/>
      <Item2 Name="App.Debug">
        <CompilerOptions>
          <Version Value="11"/>
          <Target>
            <Filename Value="youtube_player"/>
          </Target>
          <SearchPaths>
            <IncludeFiles Value="$(ProjOutDir)"/>
            <OtherUnitFiles Value="../../lib;../../components/mouseandkeyinput"/>
            <UnitOutputDirectory Value="lib/$(TargetCPU)-$(TargetOS)"/>
          </SearchPaths>
          <Parsing>
            <SyntaxOptions>
              <IncludeAssertionCode Value="True"/>
            </SyntaxOptions>
          </Parsing>
          <CodeGeneration>
            <Checks>
              <IOChecks Value="True"/>
              <RangeChecks Value="True"/>
              <OverflowChecks Value="True"/>
              <StackChecks Value="True"/>
            </Checks>
            <VerifyObjMethodCallValidity Value="True"/>
            <TargetCPU Value="x86_64"/>
            <TargetOS Value="linux"/>
          </CodeGeneration>
          <Linking>
            <Debugging>
              <DebugInfoType Value="dsDwarf2Set"/>
              <UseHeaptrc Value="True"/>
              <TrashVariables Value="True"/>
              <UseExternalDbgSyms Value="True"/>
            </Debugging>
            <Options>
              <Win32>
                <GraphicApplication Value="True"/>
              </Win32>
            </Options>
          </Linking>
          <Other>
            <CustomOptions Value="-dAPP"/>
          </Other>
        </CompilerOptions>
      </Item2>
      <Item3 Name="App.Release">
        <CompilerOptions>
          <Version Value="11"/>
          <Target>
            <Filename Value="youtube_player"/>
          </Target>
          <SearchPaths>
            <IncludeFiles Value="$(ProjOutDir)"/>
            <OtherUnitFiles Value="../../lib;../../components/mouseandkeyinput"/>
            <UnitOutputDirectory Value="lib/$(TargetCPU)-$(TargetOS)"/>
          </SearchPaths>
          <CodeGeneration>
            <SmartLinkUnit Value="True"/>
            <TargetCPU Value="x86_64"/>
            <TargetOS Value="linux"/>
            <Optimizations>
              <OptimizationLevel Value="3"/>
            </Optimizations>
          </CodeGeneration>
          <Linking>
            <Debugging>
              <GenerateDebugInfo Value="False"/>
            </Debugging>
            <LinkSmart Value="True"/>
            <Options>
              <Win32>
                <GraphicApplication Value="True"/>
              </Win32>
            </Options>
          </Linking>
          <Other>
            <CustomOptions Value="-dAPP"/>
          </Other>
        </CompilerOptions>
      </Item3>
      <Item4 Name="App.Windows 32 bit">
        <CompilerOptions>
          <Version Value="11"/>
          <Target>
            <Filename Value="youtube_player.exe"/>
          </Target>
          <SearchPaths>
            <IncludeFiles Value="$(ProjOutDir)"/>
            <OtherUnitFiles Value="../../lib;../../components/mouseandkeyinput"/>
            <UnitOutputDirectory Value="lib/$(TargetCPU)-$(TargetOS)"/>
          </SearchPaths>
          <CodeGeneration>
            <SmartLinkUnit Value="True"/>
            <TargetCPU Value="i386"/>
            <TargetOS Value="win32"/>
            <Optimizations>
              <OptimizationLevel Value="3"/>
            </Optimizations>
          </CodeGeneration>
          <Linking>
            <Debugging>
              <GenerateDebugInfo Value="False"/>
            </Debugging>
            <LinkSmart Value="True"/>
            <Options>
              <Win32>
                <GraphicApplication Value="True"/>
              </Win32>
            </Options>
          </Linking>
          <Other>
            <CustomOptions Value="-dAPP"/>
          </Other>
        </CompilerOptions>
      </Item4>
      <Item5 Name="App.Windows 64 bit">
        <CompilerOptions>
          <Version Value="11"/>
          <Target>
            <Filename Value="youtube_player(64bit).exe"/>
          </Target>
          <SearchPaths>
            <IncludeFiles Value="$(ProjOutDir)"/>
            <OtherUnitFiles Value="../../lib;../../components/mouseandkeyinput"/>
            <UnitOutputDirectory Value="lib/$(TargetCPU)-$(TargetOS)"/>
          </SearchPaths>
          <CodeGeneration>
            <SmartLinkUnit Value="True"/>
            <TargetCPU Value="x86_64"/>
            <TargetOS Value="win64"/>
            <Optimizations>
              <OptimizationLevel Value="3"/>
            </Optimizations>
          </CodeGeneration>
          <Linking>
            <Debugging>
              <GenerateDebugInfo Value="False"/>
            </Debugging>
            <LinkSmart Value="True"/>
            <Options>
              <Win32>
                <GraphicApplication Value="True"/>
              </Win32>
            </Options>
          </Linking>
          <Other>
            <CustomOptions Value="-dAPP"/>
          </Other>
        </CompilerOptions>
      </Item5>
      <Item6 Name="Cli.Release">
        <CompilerOptions>
          <Version Value="11"/>
          <Target>
            <Filename Value="youtube_player_client"/>
          </Target>
          <SearchPaths>
            <IncludeFiles Value="$(ProjOutDir)"/>
            <OtherUnitFiles Value="../../lib;../../components/mouseandkeyinput"/>
            <UnitOutputDirectory Value="lib/$(TargetCPU)-$(TargetOS)"/>
          </SearchPaths>
          <CodeGeneration>
            <SmartLinkUnit Value="True"/>
            <TargetCPU Value="x86_64"/>
            <TargetOS Value="linux"/>
            <Optimizations>
              <OptimizationLevel Value="3"/>
            </Optimizations>
          </CodeGeneration>
          <Linking>
            <Debugging>
              <GenerateDebugInfo Value="False"/>
            </Debugging>
            <LinkSmart Value="True"/>
            <Options>
              <Win32>
                <GraphicApplication Value="True"/>
              </Win32>
            </Options>
          </Linking>
          <Other>
            <CustomOptions Value="-dCLIENT"/>
            <OtherDefines Count="2">
              <Define0 Value="APP"/>
              <Define1 Value="CLIENT"/>
            </OtherDefines>
          </Other>
        </CompilerOptions>
      </Item6>
      <Item7 Name="Cli.Windows 32 bit">
        <CompilerOptions>
          <Version Value="11"/>
          <Target>
            <Filename Value="youtube_player_client.exe"/>
          </Target>
          <SearchPaths>
            <IncludeFiles Value="$(ProjOutDir)"/>
            <OtherUnitFiles Value="../../lib;../../components/mouseandkeyinput"/>
            <UnitOutputDirectory Value="lib/$(TargetCPU)-$(TargetOS)"/>
          </SearchPaths>
          <CodeGeneration>
            <SmartLinkUnit Value="True"/>
            <TargetCPU Value="i386"/>
            <TargetOS Value="win32"/>
            <Optimizations>
              <OptimizationLevel Value="3"/>
            </Optimizations>
          </CodeGeneration>
          <Linking>
            <Debugging>
              <GenerateDebugInfo Value="False"/>
            </Debugging>
            <LinkSmart Value="True"/>
            <Options>
              <Win32>
                <GraphicApplication Value="True"/>
              </Win32>
            </Options>
          </Linking>
          <Other>
            <CustomOptions Value="-dCLIENT"/>
            <OtherDefines Count="2">
              <Define0 Value="APP"/>
              <Define1 Value="CLIENT"/>
            </OtherDefines>
          </Other>
        </CompilerOptions>
      </Item7>
      <Item8 Name="Cli.Windows 64 bit">
        <CompilerOptions>
          <Version Value="11"/>
          <Target>
            <Filename Value="youtube_player_client(64bit).exe"/>
          </Target>
          <SearchPaths>
            <IncludeFiles Value="$(ProjOutDir)"/>
            <OtherUnitFiles Value="../../lib;../../components/mouseandkeyinput"/>
            <UnitOutputDirectory Value="lib/$(TargetCPU)-$(TargetOS)"/>
          </SearchPaths>
          <CodeGeneration>
            <SmartLinkUnit Value="True"/>
            <TargetCPU Value="x86_64"/>
            <TargetOS Value="win64"/>
            <Optimizations>
              <OptimizationLevel Value="3"/>
            </Optimizations>
          </CodeGeneration>
          <Linking>
            <Debugging>
              <GenerateDebugInfo Value="False"/>
            </Debugging>
            <LinkSmart Value="True"/>
            <Options>
              <Win32>
                <GraphicApplication Value="True"/>
              </Win32>
            </Options>
          </Linking>
          <Other>
            <CustomOptions Value="-dCLIENT"/>
          </Other>
        </CompilerOptions>
      </Item8>
      <Item9 Name="Monitor.Linux64">
        <CompilerOptions>
          <Version Value="11"/>
          <Target>
            <Filename Value="studio_jahu_monitor"/>
          </Target>
          <SearchPaths>
            <IncludeFiles Value="$(ProjOutDir)"/>
            <OtherUnitFiles Value="../../lib;../../components/mouseandkeyinput"/>
            <UnitOutputDirectory Value="lib/$(TargetCPU)-$(TargetOS)"/>
          </SearchPaths>
          <CodeGeneration>
            <SmartLinkUnit Value="True"/>
            <TargetCPU Value="x86_64"/>
            <TargetOS Value="linux"/>
            <Optimizations>
              <OptimizationLevel Value="3"/>
            </Optimizations>
          </CodeGeneration>
          <Linking>
            <Debugging>
              <GenerateDebugInfo Value="False"/>
            </Debugging>
            <LinkSmart Value="True"/>
            <Options>
              <Win32>
                <GraphicApplication Value="True"/>
              </Win32>
            </Options>
          </Linking>
          <Other>
            <CustomOptions Value="-dMONITOR"/>
          </Other>
        </CompilerOptions>
      </Item9>
      <Item10 Name="Monitor.Win32">
        <CompilerOptions>
          <Version Value="11"/>
          <Target>
            <Filename Value="studio_jahu_monitor.exe"/>
          </Target>
          <SearchPaths>
            <IncludeFiles Value="$(ProjOutDir)"/>
            <OtherUnitFiles Value="../../lib;../../components/mouseandkeyinput"/>
            <UnitOutputDirectory Value="lib/$(TargetCPU)-$(TargetOS)"/>
          </SearchPaths>
          <CodeGeneration>
            <SmartLinkUnit Value="True"/>
            <TargetCPU Value="i386"/>
            <TargetOS Value="win32"/>
            <Optimizations>
              <OptimizationLevel Value="3"/>
            </Optimizations>
          </CodeGeneration>
          <Linking>
            <Debugging>
              <GenerateDebugInfo Value="False"/>
            </Debugging>
            <LinkSmart Value="True"/>
            <Options>
              <Win32>
                <GraphicApplication Value="True"/>
              </Win32>
            </Options>
          </Linking>
          <Other>
            <CustomOptions Value="-dMONITOR"/>
          </Other>
        </CompilerOptions>
      </Item10>
      <Item11 Name="Monitor.Win64">
        <CompilerOptions>
          <Version Value="11"/>
          <Target>
            <Filename Value="studio_jahu_monitor(64bit).exe"/>
          </Target>
          <SearchPaths>
            <IncludeFiles Value="$(ProjOutDir)"/>
            <OtherUnitFiles Value="../../lib;../../components/mouseandkeyinput"/>
            <UnitOutputDirectory Value="lib/$(TargetCPU)-$(TargetOS)"/>
          </SearchPaths>
          <CodeGeneration>
            <SmartLinkUnit Value="True"/>
            <TargetCPU Value="x86_64"/>
            <TargetOS Value="win64"/>
            <Optimizations>
              <OptimizationLevel Value="3"/>
            </Optimizations>
          </CodeGeneration>
          <Linking>
            <Debugging>
              <GenerateDebugInfo Value="False"/>
            </Debugging>
            <LinkSmart Value="True"/>
            <Options>
              <Win32>
                <GraphicApplication Value="True"/>
              </Win32>
            </Options>
          </Linking>
          <Other>
            <CustomOptions Value="-dMONITOR"/>
          </Other>
        </CompilerOptions>
      </Item11>
    </BuildModes>
    <PublishOptions>
      <Version Value="2"/>
      <DestinationDirectory Value="/home_large/tao/Projekty/Public/1"/>
      <UseFileFilters Value="True"/>
    </PublishOptions>
    <RunParams>
      <FormatVersion Value="2"/>
      <Modes Count="0"/>
    </RunParams>
    <RequiredPackages Count="11">
      <Item1>
        <PackageName Value="bgracontrols"/>
      </Item1>
      <Item2>
        <PackageName Value="pl_Cindy"/>
      </Item2>
      <Item3>
        <PackageName Value="industrial"/>
      </Item3>
      <Item4>
        <PackageName Value="lnetvisual"/>
      </Item4>
      <Item5>
        <PackageName Value="uEControls"/>
      </Item5>
      <Item6>
        <PackageName Value="pl_excontrols"/>
      </Item6>
      <Item7>
        <PackageName Value="rxnew"/>
      </Item7>
      <Item8>
        <PackageName Value="FCL"/>
      </Item8>
      <Item9>
        <PackageName Value="zcomponent"/>
      </Item9>
      <Item10>
        <PackageName Value="ExtLazarus"/>
      </Item10>
      <Item11>
        <PackageName Value="LCL"/>
      </Item11>
    </RequiredPackages>
    <Units Count="20">
      <Unit0>
        <Filename Value="youtube_player.lpr"/>
        <IsPartOfProject Value="True"/>
      </Unit0>
      <Unit1>
        <Filename Value="main.pas"/>
        <IsPartOfProject Value="True"/>
        <ComponentName Value="Form1"/>
        <HasResources Value="True"/>
        <ResourceBaseClass Value="Form"/>
      </Unit1>
      <Unit2>
        <Filename Value="lista.pas"/>
        <IsPartOfProject Value="True"/>
        <ComponentName Value="FLista"/>
        <HasResources Value="True"/>
        <ResourceBaseClass Value="Form"/>
      </Unit2>
      <Unit3>
        <Filename Value="czas.pas"/>
        <IsPartOfProject Value="True"/>
        <ComponentName Value="FCzas"/>
        <HasResources Value="True"/>
        <ResourceBaseClass Value="Form"/>
      </Unit3>
      <Unit4>
        <Filename Value="lista_wyboru.pas"/>
        <IsPartOfProject Value="True"/>
        <ComponentName Value="FLista_wyboru"/>
        <HasResources Value="True"/>
        <ResourceBaseClass Value="Form"/>
      </Unit4>
      <Unit5>
        <Filename Value="serwis.pas"/>
        <IsPartOfProject Value="True"/>
        <ComponentName Value="dm"/>
        <HasResources Value="True"/>
        <ResourceBaseClass Value="DataModule"/>
      </Unit5>
      <Unit6>
        <Filename Value="youtube_unit.pas"/>
        <IsPartOfProject Value="True"/>
      </Unit6>
      <Unit7>
        <Filename Value="config.pas"/>
        <IsPartOfProject Value="True"/>
        <ComponentName Value="FConfig"/>
        <HasResources Value="True"/>
        <ResourceBaseClass Value="Form"/>
      </Unit7>
      <Unit8>
        <Filename Value="main_client.pas"/>
        <IsPartOfProject Value="True"/>
        <ComponentName Value="FClient"/>
        <HasResources Value="True"/>
        <ResourceBaseClass Value="Form"/>
      </Unit8>
      <Unit9>
        <Filename Value="transmisja.pas"/>
        <IsPartOfProject Value="True"/>
        <ComponentName Value="FTransmisja"/>
        <HasResources Value="True"/>
        <ResourceBaseClass Value="Form"/>
      </Unit9>
      <Unit10>
        <Filename Value="zapis_tasmy.pas"/>
        <IsPartOfProject Value="True"/>
        <ComponentName Value="FZapisTasmy"/>
        <HasResources Value="True"/>
        <ResourceBaseClass Value="Form"/>
      </Unit10>
      <Unit11>
        <Filename Value="audioeq.pas"/>
        <IsPartOfProject Value="True"/>
        <ComponentName Value="FAEQ"/>
        <HasResources Value="True"/>
        <ResourceBaseClass Value="Form"/>
      </Unit11>
      <Unit12>
        <Filename Value="full_screen.pas"/>
        <IsPartOfProject Value="True"/>
        <ComponentName Value="FFullScreen"/>
        <HasResources Value="True"/>
        <ResourceBaseClass Value="Form"/>
      </Unit12>
      <Unit13>
        <Filename Value="panmusic.pas"/>
        <IsPartOfProject Value="True"/>
        <ComponentName Value="FPanMusic"/>
        <HasResources Value="True"/>
        <ResourceBaseClass Value="Form"/>
      </Unit13>
      <Unit14>
        <Filename Value="yt_selectfiles.pas"/>
        <IsPartOfProject Value="True"/>
        <ComponentName Value="FSelectYT"/>
        <HasResources Value="True"/>
        <ResourceBaseClass Value="Form"/>
      </Unit14>
      <Unit15>
        <Filename Value="importdirectoryyoutube.pas"/>
        <IsPartOfProject Value="True"/>
        <ComponentName Value="FImportDirectoryYoutube"/>
        <HasResources Value="True"/>
        <ResourceBaseClass Value="Form"/>
        <UnitName Value="ImportDirectoryYoutube"/>
      </Unit15>
      <Unit16>
        <Filename Value="main_monitor.pas"/>
        <IsPartOfProject Value="True"/>
        <ComponentName Value="FMonitor"/>
        <HasResources Value="True"/>
        <ResourceBaseClass Value="Form"/>
      </Unit16>
      <Unit17>
        <Filename Value="screen_unit.pas"/>
        <IsPartOfProject Value="True"/>
        <ComponentName Value="FScreen"/>
        <HasResources Value="True"/>
        <ResourceBaseClass Value="Form"/>
      </Unit17>
      <Unit18>
        <Filename Value="ankiety.pas"/>
        <IsPartOfProject Value="True"/>
        <ComponentName Value="FAnkiety"/>
        <HasResources Value="True"/>
        <ResourceBaseClass Value="Form"/>
      </Unit18>
      <Unit19>
        <Filename Value="cytaty.pas"/>
        <IsPartOfProject Value="True"/>
        <ComponentName Value="FCytaty"/>
        <HasResources Value="True"/>
        <ResourceBaseClass Value="Form"/>
      </Unit19>
    </Units>
  </ProjectOptions>
  <CompilerOptions>
    <Version Value="11"/>
    <Target>
      <Filename Value="youtube_player"/>
    </Target>
    <SearchPaths>
      <IncludeFiles Value="$(ProjOutDir)"/>
      <OtherUnitFiles Value="../../lib;../../components/mouseandkeyinput"/>
      <UnitOutputDirectory Value="lib/$(TargetCPU)-$(TargetOS)"/>
    </SearchPaths>
    <CodeGeneration>
      <TargetCPU Value="x86_64"/>
      <TargetOS Value="linux"/>
    </CodeGeneration>
    <Linking>
      <Options>
        <Win32>
          <GraphicApplication Value="True"/>
        </Win32>
      </Options>
    </Linking>
    <Other>
      <CustomOptions Value="-dAPP"/>
    </Other>
  </CompilerOptions>
</CONFIG>
